Microsoft Visual Studio Solution File, Format Version 12.00
# Visual Studio 2012
Project("{FAE04EC0-301F-11D3-BF4B-00C04F79EFBC}") = "FairyGUI-godot", "FairyGUI-godot.csproj", "{CDEFCABB-5087-424F-BC8E-201DEC5DA945}"
EndProject
Global
	GlobalSection(SolutionConfigurationPlatforms) = preSolution
	Debug|Any CPU = Debug|Any CPU
	ExportDebug|Any CPU = ExportDebug|Any CPU
	ExportRelease|Any CPU = ExportRelease|Any CPU
	EndGlobalSection
	GlobalSection(ProjectConfigurationPlatforms) = postSolution
		{CDEFCABB-5087-424F-BC8E-201DEC5DA945}.Debug|Any CPU.ActiveCfg = Debug|Any CPU
		{CDEFCABB-5087-424F-BC8E-201DEC5DA945}.Debug|Any CPU.Build.0 = Debug|Any CPU
		{CDEFCABB-5087-424F-BC8E-201DEC5DA945}.ExportDebug|Any CPU.ActiveCfg = ExportDebug|Any CPU
		{CDEFCABB-5087-424F-BC8E-201DEC5DA945}.ExportDebug|Any CPU.Build.0 = ExportDebug|Any CPU
		{CDEFCABB-5087-424F-BC8E-201DEC5DA945}.ExportRelease|Any CPU.ActiveCfg = ExportRelease|Any CPU
		{CDEFCABB-5087-424F-BC8E-201DEC5DA945}.ExportRelease|Any CPU.Build.0 = ExportRelease|Any CPU
	EndGlobalSection
EndGlobal
